
Microsoft Visual Studio Solution File, Format Version 12.00
# Visual Studio Version 17
VisualStudioVersion = 17.11.35431.28
MinimumVisualStudioVersion = 10.0.40219.1
Project("{FAE04EC0-301F-11D3-BF4B-00C04F79EFBC}") = "MonkeyApp.maui.nav", "MonkeyApp.maui.nav.csproj", "{75A2CCB5-6E59-4283-80DF-8535223C68DB}"
EndProject
Global
	GlobalSection(SolutionConfigurationPlatforms) = preSolution
		Debug|Any CPU = Debug|Any CPU
		Release|Any CPU = Release|Any CPU
	EndGlobalSection
	GlobalSection(ProjectConfigurationPlatforms) = postSolution
		{75A2CCB5-6E59-4283-80DF-8535223C68DB}.Debug|Any CPU.ActiveCfg = Debug|Any CPU
		{75A2CCB5-6E59-4283-80DF-8535223C68DB}.Debug|Any CPU.Build.0 = Debug|Any CPU
		{75A2CCB5-6E59-4283-80DF-8535223C68DB}.Debug|Any CPU.Deploy.0 = Debug|Any CPU
		{75A2CCB5-6E59-4283-80DF-8535223C68DB}.Release|Any CPU.ActiveCfg = Release|Any CPU
		{75A2CCB5-6E59-4283-80DF-8535223C68DB}.Release|Any CPU.Build.0 = Release|Any CPU
		{75A2CCB5-6E59-4283-80DF-8535223C68DB}.Release|Any CPU.Deploy.0 = Release|Any CPU
	EndGlobalSection
	GlobalSection(SolutionProperties) = preSolution
		HideSolutionNode = FALSE
	EndGlobalSection
	GlobalSection(ExtensibilityGlobals) = postSolution
		SolutionGuid = {B39D9461-2BD6-4A1E-BA00-3C6E705D3527}
	EndGlobalSection
EndGlobal
